
Microsoft Visual Studio Solution File, Format Version 12.00
# Visual Studio 15
VisualStudioVersion = 15.0.28307.1022
MinimumVisualStudioVersion = 10.0.40219.1
Project("{FAE04EC0-301F-11D3-BF4B-00C04F79EFBC}") = "Assignment3", "Assignment3\Assignment3.csproj", "{C1982517-BE9C-4763-8199-C9D69BCF8E4F}"
EndProject
Global
	GlobalSection(SolutionConfigurationPlatforms) = preSolution
		Debug|Any CPU = Debug|Any CPU
		Release|Any CPU = Release|Any CPU
	EndGlobalSection
	GlobalSection(ProjectConfigurationPlatforms) = postSolution
		{C1982517-BE9C-4763-8199-C9D69BCF8E4F}.Debug|Any CPU.ActiveCfg = Debug|Any CPU
		{C1982517-BE9C-4763-8199-C9D69BCF8E4F}.Debug|Any CPU.Build.0 = Debug|Any CPU
		{C1982517-BE9C-4763-8199-C9D69BCF8E4F}.Release|Any CPU.ActiveCfg = Release|Any CPU
		{C1982517-BE9C-4763-8199-C9D69BCF8E4F}.Release|Any CPU.Build.0 = Release|Any CPU
	EndGlobalSection
	GlobalSection(SolutionProperties) = preSolution
		HideSolutionNode = FALSE
	EndGlobalSection
	GlobalSection(ExtensibilityGlobals) = postSolution
		SolutionGuid = {882C80D6-B2E9-4468-B1A1-F19573EA4863}
	EndGlobalSection
EndGlobal
